{
  "lockfileVersion": 1,
  "configVersion": 1,
  "workspaces": {
    "": {
      "dependencies": {
        "@opencode-ai/plugin": "1.1.12",
      },
    },
  },
  "packages": {
    "@opencode-ai/plugin": ["@opencode-ai/plugin@1.1.12", "", { "dependencies": { "@opencode-ai/sdk": "1.1.12", "zod": "4.1.8" } }, "sha512-L+sh6mDU1teVgjRbpNnJdQIv3EYx9v8X2ZgjCAtC/eyjERR5s1smvBmvvBCpJ+p5APWKD4nuDS0xtiJiUBFZKQ=="],

    "@opencode-ai/sdk": ["@opencode-ai/sdk@1.1.12", "", {}, "sha512-M1c+525865g2C03iKaMdx3aUVC7oZSNbBGaTDjUN2UTIakdxqKHog0Hd8IA9WL8M0aU1QJ8+CnpvRT2Jt9kRNw=="],

    "zod": ["zod@4.1.8", "", {}, "sha512-5R1P+WwQqmmMIEACyzSvo4JXHY5WiAFHRMg+zBZKgKS+Q1viRa0C1hmUKtHltoIFKtIdki3pRxkmpP74jnNYHQ=="],
  }
}
